
Microsoft Visual Studio Solution File, Format Version 12.00
# Visual Studio 15
VisualStudioVersion = 15.0.28307.1525
MinimumVisualStudioVersion = 10.0.40219.1
Project("{FAE04EC0-301F-11D3-BF4B-00C04F79EFBC}") = "WebDev", "WebDev\WebDev.csproj", "{A63CA145-3E64-4F17-A2D8-09C90DA5092C}"
EndProject
Project("{FAE04EC0-301F-11D3-BF4B-00C04F79EFBC}") = "WebDev.Tests", "WebDev.Tests\WebDev.Tests.csproj", "{CEABAE5E-0878-4868-8442-13D720F9E19B}"
EndProject
Global
	GlobalSection(SolutionConfigurationPlatforms) = preSolution
		Debug|Any CPU = Debug|Any CPU
		Release|Any CPU = Release|Any CPU
	EndGlobalSection
	GlobalSection(ProjectConfigurationPlatforms) = postSolution
		{A63CA145-3E64-4F17-A2D8-09C90DA5092C}.Debug|Any CPU.ActiveCfg = Debug|Any CPU
		{A63CA145-3E64-4F17-A2D8-09C90DA5092C}.Debug|Any CPU.Build.0 = Debug|Any CPU
		{A63CA145-3E64-4F17-A2D8-09C90DA5092C}.Release|Any CPU.ActiveCfg = Release|Any CPU
		{A63CA145-3E64-4F17-A2D8-09C90DA5092C}.Release|Any CPU.Build.0 = Release|Any CPU
		{CEABAE5E-0878-4868-8442-13D720F9E19B}.Debug|Any CPU.ActiveCfg = Debug|Any CPU
		{CEABAE5E-0878-4868-8442-13D720F9E19B}.Debug|Any CPU.Build.0 = Debug|Any CPU
		{CEABAE5E-0878-4868-8442-13D720F9E19B}.Release|Any CPU.ActiveCfg = Release|Any CPU
		{CEABAE5E-0878-4868-8442-13D720F9E19B}.Release|Any CPU.Build.0 = Release|Any CPU
	EndGlobalSection
	GlobalSection(SolutionProperties) = preSolution
		HideSolutionNode = FALSE
	EndGlobalSection
	GlobalSection(ExtensibilityGlobals) = postSolution
		SolutionGuid = {E48C4682-9C37-414D-B0D6-BB73A238927F}
	EndGlobalSection
EndGlobal
